/mnt/WorkSSD/git/devops-netology/ter-homeworks/04/src git:[main]
terraform plan
data.template_file.cloudinit: Reading...
data.template_file.cloudinit: Read complete after 0s [id=413966171860f41813c384d1c92864e781e50d3560517f68df5958349e4d008b]
yandex_vpc_subnet.develop_b: Refreshing state... [id=e2lvbe45pf41csm08a9h]
yandex_vpc_network.develop: Refreshing state... [id=enpm1rk9j0nfr8bbro5o]
yandex_vpc_subnet.develop_a: Refreshing state... [id=e9b9ohr8e6uu85f4pqih]
module.marketing.yandex_compute_instance.vm[0]: Refreshing state... [id=fhm15untcjt9pdkbljj3]
module.analytics.yandex_compute_instance.vm[0]: Refreshing state... [id=fhmg4547td12tpgjmhi4]

Terraform used the selected providers to generate the following execution plan. Resource actions are indicated with the following symbols:
  + create
  ~ update in-place
  - destroy
 <= read (data resources)

Terraform will perform the following actions:

  # yandex_vpc_network.develop will be destroyed
  # (because yandex_vpc_network.develop is not in configuration)
  - resource "yandex_vpc_network" "develop" {
      - created_at                = "2024-08-12T07:29:01Z" -> null
      - default_security_group_id = "enp91ff963us2hvl9vom" -> null
      - folder_id                 = "b1gagbi14br3h73itmd1" -> null
      - id                        = "enpm1rk9j0nfr8bbro5o" -> null
      - labels                    = {} -> null
      - name                      = "develop" -> null
      - subnet_ids                = [
          - "e2lvbe45pf41csm08a9h",
          - "e9b9ohr8e6uu85f4pqih",
        ] -> null
        # (1 unchanged attribute hidden)
    }

  # yandex_vpc_subnet.develop_a will be destroyed
  # (because yandex_vpc_subnet.develop_a is not in configuration)
  - resource "yandex_vpc_subnet" "develop_a" {
      - created_at     = "2024-08-12T07:29:04Z" -> null
      - folder_id      = "b1gagbi14br3h73itmd1" -> null
      - id             = "e9b9ohr8e6uu85f4pqih" -> null
      - labels         = {} -> null
      - name           = "develop-ru-central1-a" -> null
      - network_id     = "enpm1rk9j0nfr8bbro5o" -> null
      - v4_cidr_blocks = [
          - "10.0.1.0/24",
        ] -> null
      - v6_cidr_blocks = [] -> null
      - zone           = "ru-central1-a" -> null
        # (2 unchanged attributes hidden)
    }

  # yandex_vpc_subnet.develop_b will be destroyed
  # (because yandex_vpc_subnet.develop_b is not in configuration)
  - resource "yandex_vpc_subnet" "develop_b" {
      - created_at     = "2024-08-12T07:29:03Z" -> null
      - folder_id      = "b1gagbi14br3h73itmd1" -> null
      - id             = "e2lvbe45pf41csm08a9h" -> null
      - labels         = {} -> null
      - name           = "develop-ru-central1-b" -> null
      - network_id     = "enpm1rk9j0nfr8bbro5o" -> null
      - v4_cidr_blocks = [
          - "10.0.2.0/24",
        ] -> null
      - v6_cidr_blocks = [] -> null
      - zone           = "ru-central1-b" -> null
        # (2 unchanged attributes hidden)
    }

  # module.analytics.data.yandex_compute_image.my_image will be read during apply
  # (depends on a resource or a module with changes pending)
 <= data "yandex_compute_image" "my_image" {
      + created_at    = (known after apply)
      + description   = (known after apply)
      + family        = "ubuntu-2004-lts"
      + folder_id     = (known after apply)
      + id            = (known after apply)
      + image_id      = (known after apply)
      + labels        = (known after apply)
      + min_disk_size = (known after apply)
      + name          = (known after apply)
      + os_type       = (known after apply)
      + pooled        = (known after apply)
      + product_ids   = (known after apply)
      + size          = (known after apply)
      + status        = (known after apply)
    }

  # module.analytics.yandex_compute_instance.vm[0] will be updated in-place
  ~ resource "yandex_compute_instance" "vm" {
        id                        = "fhmg4547td12tpgjmhi4"
        name                      = "analytics-webs-0"
        # (15 unchanged attributes hidden)

      ~ network_interface {
          ~ subnet_id          = "e9b9ohr8e6uu85f4pqih" -> (known after apply)
            # (10 unchanged attributes hidden)
        }

        # (5 unchanged blocks hidden)
    }

  # module.marketing.data.yandex_compute_image.my_image will be read during apply
  # (depends on a resource or a module with changes pending)
 <= data "yandex_compute_image" "my_image" {
      + created_at    = (known after apply)
      + description   = (known after apply)
      + family        = "ubuntu-2004-lts"
      + folder_id     = (known after apply)
      + id            = (known after apply)
      + image_id      = (known after apply)
      + labels        = (known after apply)
      + min_disk_size = (known after apply)
      + name          = (known after apply)
      + os_type       = (known after apply)
      + pooled        = (known after apply)
      + product_ids   = (known after apply)
      + size          = (known after apply)
      + status        = (known after apply)
    }

  # module.marketing.yandex_compute_instance.vm[0] will be updated in-place
  ~ resource "yandex_compute_instance" "vm" {
        id                        = "fhm15untcjt9pdkbljj3"
        name                      = "marketing-webs-0"
        # (15 unchanged attributes hidden)

      ~ network_interface {
          ~ subnet_id          = "e9b9ohr8e6uu85f4pqih" -> (known after apply)
            # (10 unchanged attributes hidden)
        }

        # (5 unchanged blocks hidden)
    }

  # module.vpc_dev.yandex_vpc_network.develop will be created
  + resource "yandex_vpc_network" "develop" {
      + created_at                = (known after apply)
      + default_security_group_id = (known after apply)
      + folder_id                 = (known after apply)
      + id                        = (known after apply)
      + labels                    = (known after apply)
      + name                      = "develop"
      + subnet_ids                = (known after apply)
    }

  # module.vpc_dev.yandex_vpc_subnet.develop will be created
  + resource "yandex_vpc_subnet" "develop" {
      + created_at     = (known after apply)
      + folder_id      = (known after apply)
      + id             = (known after apply)
      + labels         = (known after apply)
      + name           = "develop"
      + network_id     = (known after apply)
      + v4_cidr_blocks = [
          + "10.0.1.0/24",
        ]
      + v6_cidr_blocks = (known after apply)
      + zone           = "ru-central1-a"
    }

Plan: 2 to add, 2 to change, 3 to destroy.
